// !$*UTF8*$!
{
	archiveVersion = 1;
	classes = {
	};
	objectVersion = 54;
	objects = {

/* Begin PBXBuildFile section */
		00E356F31AD99517003FC87E /* skilloviaTests.m in Sources */ = {isa = PBXBuildFile; fileRef = 00E356F21AD99517003FC87E /* skilloviaTests.m */; };
		0C80B921A6F3F58F76C31292 /* libPods-skillovia.a in Frameworks */ = {isa = PBXBuildFile; fileRef = 5DCACB8F33CDC322A6C60F78 /* libPods-skillovia.a */; };
		13B07FBC1A68108700A75B9A /* AppDelegate.mm in Sources */ = {isa = PBXBuildFile; fileRef = 13B07FB01A68108700A75B9A /* AppDelegate.mm */; };
		13B07FBF1A68108700A75B9A /* Images.xcassets in Resources */ = {isa = PBXBuildFile; fileRef = 13B07FB51A68108700A75B9A /* Images.xcassets */; };
		13B07FC11A68108700A75B9A /* main.m in Sources */ = {isa = PBXBuildFile; fileRef = 13B07FB71A68108700A75B9A /* main.m */; };
		7699B88040F8A987B510C191 /* libPods-skillovia-skilloviaTests.a in Frameworks */ = {isa = PBXBuildFile; fileRef = 19F6CBCC0A4E27FBF8BF4A61 /* libPods-skillovia-skilloviaTests.a */; };
		81AB9BB82411601600AC10FF /* LaunchScreen.storyboard in Resources */ = {isa = PBXBuildFile; fileRef = 81AB9BB72411601600AC10FF /* LaunchScreen.storyboard */; };
		5E3895C2F900494D9CB063F9 /* AlbertSans-Black.ttf in Resources */ = {isa = PBXBuildFile; fileRef = 751BB402DA6D48B69DEF0F24 /* AlbertSans-Black.ttf */; };
		04636B9BE3D348518D950221 /* AlbertSans-BlackItalic.ttf in Resources */ = {isa = PBXBuildFile; fileRef = E84D44B2B42D464099631506 /* AlbertSans-BlackItalic.ttf */; };
		BA0F05109C9D43A39C017050 /* AlbertSans-Bold.ttf in Resources */ = {isa = PBXBuildFile; fileRef = 594A76A64E7545EDABC897D0 /* AlbertSans-Bold.ttf */; };
		9AFFC591A3574DEA888B5C38 /* AlbertSans-BoldItalic.ttf in Resources */ = {isa = PBXBuildFile; fileRef = 9B9E2750E5D44A64BF22D548 /* AlbertSans-BoldItalic.ttf */; };
		C6EDE48FDB2543CBA5C47C95 /* AlbertSans-ExtraBold.ttf in Resources */ = {isa = PBXBuildFile; fileRef = FCADC0FD4C25441BB52BF85F /* AlbertSans-ExtraBold.ttf */; };
		1E21895D4BC34A4190C8310B /* AlbertSans-ExtraBoldItalic.ttf in Resources */ = {isa = PBXBuildFile; fileRef = 5D1FD861E9BD44A3B35E1BAA /* AlbertSans-ExtraBoldItalic.ttf */; };
		A2C404C80F94437FAF83F135 /* AlbertSans-ExtraLight.ttf in Resources */ = {isa = PBXBuildFile; fileRef = EACC051705F24E5992374041 /* AlbertSans-ExtraLight.ttf */; };
		16DCBED2E145411485C483BB /* AlbertSans-ExtraLightItalic.ttf in Resources */ = {isa = PBXBuildFile; fileRef = ABAEFC6797564BDB9D018E3B /* AlbertSans-ExtraLightItalic.ttf */; };
		D743B83EFD2E402D9B2C3814 /* AlbertSans-Italic.ttf in Resources */ = {isa = PBXBuildFile; fileRef = 6EAD8E4E87C74D87B579EC00 /* AlbertSans-Italic.ttf */; };
		04A67024CB404EA3AF55F9F3 /* AlbertSans-Light.ttf in Resources */ = {isa = PBXBuildFile; fileRef = 871C49A2D2F446B089957766 /* AlbertSans-Light.ttf */; };
		B6DCE6AFF7544E7D83C01B7C /* AlbertSans-LightItalic.ttf in Resources */ = {isa = PBXBuildFile; fileRef = 7DA6985D4ACD4F54B8390EA3 /* AlbertSans-LightItalic.ttf */; };
		DCA8F0A08E6E47158837FE25 /* AlbertSans-Medium.ttf in Resources */ = {isa = PBXBuildFile; fileRef = 48F9DF89C18E47B488F21F81 /* AlbertSans-Medium.ttf */; };
		EA4BC7C016644072A005F467 /* AlbertSans-MediumItalic.ttf in Resources */ = {isa = PBXBuildFile; fileRef = 98BC825508E24583AF5F61CE /* AlbertSans-MediumItalic.ttf */; };
		F1FA324F6BDA4BD9B2D76B7E /* AlbertSans-Regular.ttf in Resources */ = {isa = PBXBuildFile; fileRef = 30A7FF65A3BE460B8A3B0375 /* AlbertSans-Regular.ttf */; };
		02B8814D93F844C09B7C4AAA /* AlbertSans-SemiBold.ttf in Resources */ = {isa = PBXBuildFile; fileRef = 0A95CE8ED4454A47B6FF5B35 /* AlbertSans-SemiBold.ttf */; };
		A5B40E5861A04F3BB14F95DD /* AlbertSans-SemiBoldItalic.ttf in Resources */ = {isa = PBXBuildFile; fileRef = 68C2959ACBCA432CBBA2582E /* AlbertSans-SemiBoldItalic.ttf */; };
		310FD6CC97A943C0B922879E /* AlbertSans-Thin.ttf in Resources */ = {isa = PBXBuildFile; fileRef = 28E1907517A145F2B8E844DB /* AlbertSans-Thin.ttf */; };
		5D0F1BF9F4E64043A2DDD79C /* AlbertSans-ThinItalic.ttf in Resources */ = {isa = PBXBuildFile; fileRef = E6E17FFBF6DC459C9958CDBF /* AlbertSans-ThinItalic.ttf */; };
		83B2AB88B04C43B8BE2514EA /* BootSplash.storyboard in Resources */ = {isa = PBXBuildFile; fileRef = 03DEF6E3A03B4BF49B2C02EE /* BootSplash.storyboard */; };
		3738F03E1C974D1A92AD9324 /* Colors.xcassets in Resources */ = {isa = PBXBuildFile; fileRef = 2C0F9101A5874B1A9682DAD8 /* Colors.xcassets */; };
/* End PBXBuildFile section */

/* Begin PBXContainerItemProxy section */
		00E356F41AD99517003FC87E /* PBXContainerItemProxy */ = {
			isa = PBXContainerItemProxy;
			containerPortal = 83CBB9F71A601CBA00E9B192 /* Project object */;
			proxyType = 1;
			remoteGlobalIDString = 13B07F861A680F5B00A75B9A;
			remoteInfo = skillovia;
		};
/* End PBXContainerItemProxy section */

/* Begin PBXFileReference section */
		00E356EE1AD99517003FC87E /* skilloviaTests.xctest */ = {isa = PBXFileReference; explicitFileType = wrapper.cfbundle; includeInIndex = 0; path = skilloviaTests.xctest; sourceTree = BUILT_PRODUCTS_DIR; };
		00E356F11AD99517003FC87E /* Info.plist */ = {isa = PBXFileReference; lastKnownFileType = text.plist.xml; path = Info.plist; sourceTree = "<group>"; };
		00E356F21AD99517003FC87E /* skilloviaTests.m */ = {isa = PBXFileReference; lastKnownFileType = sourcecode.c.objc; path = skilloviaTests.m; sourceTree = "<group>"; };
		13B07F961A680F5B00A75B9A /* skillovia.app */ = {isa = PBXFileReference; explicitFileType = wrapper.application; includeInIndex = 0; path = skillovia.app; sourceTree = BUILT_PRODUCTS_DIR; };
		13B07FAF1A68108700A75B9A /* AppDelegate.h */ = {isa = PBXFileReference; fileEncoding = 4; lastKnownFileType = sourcecode.c.h; name = AppDelegate.h; path = skillovia/AppDelegate.h; sourceTree = "<group>"; };
		13B07FB01A68108700A75B9A /* AppDelegate.mm */ = {isa = PBXFileReference; fileEncoding = 4; lastKnownFileType = sourcecode.cpp.objcpp; name = AppDelegate.mm; path = skillovia/AppDelegate.mm; sourceTree = "<group>"; };
		13B07FB51A68108700A75B9A /* Images.xcassets */ = {isa = PBXFileReference; lastKnownFileType = folder.assetcatalog; name = Images.xcassets; path = skillovia/Images.xcassets; sourceTree = "<group>"; };
		13B07FB61A68108700A75B9A /* Info.plist */ = {isa = PBXFileReference; fileEncoding = 4; lastKnownFileType = text.plist.xml; name = Info.plist; path = skillovia/Info.plist; sourceTree = "<group>"; };
		13B07FB71A68108700A75B9A /* main.m */ = {isa = PBXFileReference; fileEncoding = 4; lastKnownFileType = sourcecode.c.objc; name = main.m; path = skillovia/main.m; sourceTree = "<group>"; };
		13B07FB81A68108700A75B9A /* PrivacyInfo.xcprivacy */ = {isa = PBXFileReference; fileEncoding = 4; lastKnownFileType = text.plist.xml; name = PrivacyInfo.xcprivacy; path = skillovia/PrivacyInfo.xcprivacy; sourceTree = "<group>"; };
		19F6CBCC0A4E27FBF8BF4A61 /* libPods-skillovia-skilloviaTests.a */ = {isa = PBXFileReference; explicitFileType = archive.ar; includeInIndex = 0; path = "libPods-skillovia-skilloviaTests.a"; sourceTree = BUILT_PRODUCTS_DIR; };
		3B4392A12AC88292D35C810B /* Pods-skillovia.debug.xcconfig */ = {isa = PBXFileReference; includeInIndex = 1; lastKnownFileType = text.xcconfig; name = "Pods-skillovia.debug.xcconfig"; path = "Target Support Files/Pods-skillovia/Pods-skillovia.debug.xcconfig"; sourceTree = "<group>"; };
		5709B34CF0A7D63546082F79 /* Pods-skillovia.release.xcconfig */ = {isa = PBXFileReference; includeInIndex = 1; lastKnownFileType = text.xcconfig; name = "Pods-skillovia.release.xcconfig"; path = "Target Support Files/Pods-skillovia/Pods-skillovia.release.xcconfig"; sourceTree = "<group>"; };
		5B7EB9410499542E8C5724F5 /* Pods-skillovia-skilloviaTests.debug.xcconfig */ = {isa = PBXFileReference; includeInIndex = 1; lastKnownFileType = text.xcconfig; name = "Pods-skillovia-skilloviaTests.debug.xcconfig"; path = "Target Support Files/Pods-skillovia-skilloviaTests/Pods-skillovia-skilloviaTests.debug.xcconfig"; sourceTree = "<group>"; };
		5DCACB8F33CDC322A6C60F78 /* libPods-skillovia.a */ = {isa = PBXFileReference; explicitFileType = archive.ar; includeInIndex = 0; path = "libPods-skillovia.a"; sourceTree = BUILT_PRODUCTS_DIR; };
		81AB9BB72411601600AC10FF /* LaunchScreen.storyboard */ = {isa = PBXFileReference; fileEncoding = 4; lastKnownFileType = file.storyboard; name = LaunchScreen.storyboard; path = skillovia/LaunchScreen.storyboard; sourceTree = "<group>"; };
		89C6BE57DB24E9ADA2F236DE /* Pods-skillovia-skilloviaTests.release.xcconfig */ = {isa = PBXFileReference; includeInIndex = 1; lastKnownFileType = text.xcconfig; name = "Pods-skillovia-skilloviaTests.release.xcconfig"; path = "Target Support Files/Pods-skillovia-skilloviaTests/Pods-skillovia-skilloviaTests.release.xcconfig"; sourceTree = "<group>"; };
		ED297162215061F000B7C4FE /* JavaScriptCore.framework */ = {isa = PBXFileReference; lastKnownFileType = wrapper.framework; name = JavaScriptCore.framework; path = System/Library/Frameworks/JavaScriptCore.framework; sourceTree = SDKROOT; };
		751BB402DA6D48B69DEF0F24 /* AlbertSans-Black.ttf */ = {isa = PBXFileReference; name = "AlbertSans-Black.ttf"; path = "../assets/fonts/AlbertSans-Black.ttf"; sourceTree = "<group>"; fileEncoding = undefined; lastKnownFileType = unknown; explicitFileType = undefined; includeInIndex = 0; };
		E84D44B2B42D464099631506 /* AlbertSans-BlackItalic.ttf */ = {isa = PBXFileReference; name = "AlbertSans-BlackItalic.ttf"; path = "../assets/fonts/AlbertSans-BlackItalic.ttf"; sourceTree = "<group>"; fileEncoding = undefined; lastKnownFileType = unknown; explicitFileType = undefined; includeInIndex = 0; };
		594A76A64E7545EDABC897D0 /* AlbertSans-Bold.ttf */ = {isa = PBXFileReference; name = "AlbertSans-Bold.ttf"; path = "../assets/fonts/AlbertSans-Bold.ttf"; sourceTree = "<group>"; fileEncoding = undefined; lastKnownFileType = unknown; explicitFileType = undefined; includeInIndex = 0; };
		9B9E2750E5D44A64BF22D548 /* AlbertSans-BoldItalic.ttf */ = {isa = PBXFileReference; name = "AlbertSans-BoldItalic.ttf"; path = "../assets/fonts/AlbertSans-BoldItalic.ttf"; sourceTree = "<group>"; fileEncoding = undefined; lastKnownFileType = unknown; explicitFileType = undefined; includeInIndex = 0; };
		FCADC0FD4C25441BB52BF85F /* AlbertSans-ExtraBold.ttf */ = {isa = PBXFileReference; name = "AlbertSans-ExtraBold.ttf"; path = "../assets/fonts/AlbertSans-ExtraBold.ttf"; sourceTree = "<group>"; fileEncoding = undefined; lastKnownFileType = unknown; explicitFileType = undefined; includeInIndex = 0; };
		5D1FD861E9BD44A3B35E1BAA /* AlbertSans-ExtraBoldItalic.ttf */ = {isa = PBXFileReference; name = "AlbertSans-ExtraBoldItalic.ttf"; path = "../assets/fonts/AlbertSans-ExtraBoldItalic.ttf"; sourceTree = "<group>"; fileEncoding = undefined; lastKnownFileType = unknown; explicitFileType = undefined; includeInIndex = 0; };
		EACC051705F24E5992374041 /* AlbertSans-ExtraLight.ttf */ = {isa = PBXFileReference; name = "AlbertSans-ExtraLight.ttf"; path = "../assets/fonts/AlbertSans-ExtraLight.ttf"; sourceTree = "<group>"; fileEncoding = undefined; lastKnownFileType = unknown; explicitFileType = undefined; includeInIndex = 0; };
		ABAEFC6797564BDB9D018E3B /* AlbertSans-ExtraLightItalic.ttf */ = {isa = PBXFileReference; name = "AlbertSans-ExtraLightItalic.ttf"; path = "../assets/fonts/AlbertSans-ExtraLightItalic.ttf"; sourceTree = "<group>"; fileEncoding = undefined; lastKnownFileType = unknown; explicitFileType = undefined; includeInIndex = 0; };
		6EAD8E4E87C74D87B579EC00 /* AlbertSans-Italic.ttf */ = {isa = PBXFileReference; name = "AlbertSans-Italic.ttf"; path = "../assets/fonts/AlbertSans-Italic.ttf"; sourceTree = "<group>"; fileEncoding = undefined; lastKnownFileType = unknown; explicitFileType = undefined; includeInIndex = 0; };
		871C49A2D2F446B089957766 /* AlbertSans-Light.ttf */ = {isa = PBXFileReference; name = "AlbertSans-Light.ttf"; path = "../assets/fonts/AlbertSans-Light.ttf"; sourceTree = "<group>"; fileEncoding = undefined; lastKnownFileType = unknown; explicitFileType = undefined; includeInIndex = 0; };
		7DA6985D4ACD4F54B8390EA3 /* AlbertSans-LightItalic.ttf */ = {isa = PBXFileReference; name = "AlbertSans-LightItalic.ttf"; path = "../assets/fonts/AlbertSans-LightItalic.ttf"; sourceTree = "<group>"; fileEncoding = undefined; lastKnownFileType = unknown; explicitFileType = undefined; includeInIndex = 0; };
		48F9DF89C18E47B488F21F81 /* AlbertSans-Medium.ttf */ = {isa = PBXFileReference; name = "AlbertSans-Medium.ttf"; path = "../assets/fonts/AlbertSans-Medium.ttf"; sourceTree = "<group>"; fileEncoding = undefined; lastKnownFileType = unknown; explicitFileType = undefined; includeInIndex = 0; };
		98BC825508E24583AF5F61CE /* AlbertSans-MediumItalic.ttf */ = {isa = PBXFileReference; name = "AlbertSans-MediumItalic.ttf"; path = "../assets/fonts/AlbertSans-MediumItalic.ttf"; sourceTree = "<group>"; fileEncoding = undefined; lastKnownFileType = unknown; explicitFileType = undefined; includeInIndex = 0; };
		30A7FF65A3BE460B8A3B0375 /* AlbertSans-Regular.ttf */ = {isa = PBXFileReference; name = "AlbertSans-Regular.ttf"; path = "../assets/fonts/AlbertSans-Regular.ttf"; sourceTree = "<group>"; fileEncoding = undefined; lastKnownFileType = unknown; explicitFileType = undefined; includeInIndex = 0; };
		0A95CE8ED4454A47B6FF5B35 /* AlbertSans-SemiBold.ttf */ = {isa = PBXFileReference; name = "AlbertSans-SemiBold.ttf"; path = "../assets/fonts/AlbertSans-SemiBold.ttf"; sourceTree = "<group>"; fileEncoding = undefined; lastKnownFileType = unknown; explicitFileType = undefined; includeInIndex = 0; };
		68C2959ACBCA432CBBA2582E /* AlbertSans-SemiBoldItalic.ttf */ = {isa = PBXFileReference; name = "AlbertSans-SemiBoldItalic.ttf"; path = "../assets/fonts/AlbertSans-SemiBoldItalic.ttf"; sourceTree = "<group>"; fileEncoding = undefined; lastKnownFileType = unknown; explicitFileType = undefined; includeInIndex = 0; };
		28E1907517A145F2B8E844DB /* AlbertSans-Thin.ttf */ = {isa = PBXFileReference; name = "AlbertSans-Thin.ttf"; path = "../assets/fonts/AlbertSans-Thin.ttf"; sourceTree = "<group>"; fileEncoding = undefined; lastKnownFileType = unknown; explicitFileType = undefined; includeInIndex = 0; };
		E6E17FFBF6DC459C9958CDBF /* AlbertSans-ThinItalic.ttf */ = {isa = PBXFileReference; name = "AlbertSans-ThinItalic.ttf"; path = "../assets/fonts/AlbertSans-ThinItalic.ttf"; sourceTree = "<group>"; fileEncoding = undefined; lastKnownFileType = unknown; explicitFileType = undefined; includeInIndex = 0; };
		03DEF6E3A03B4BF49B2C02EE /* BootSplash.storyboard */ = {isa = PBXFileReference; name = "BootSplash.storyboard"; path = "skillovia/BootSplash.storyboard"; sourceTree = "<group>"; fileEncoding = undefined; lastKnownFileType = unknown; explicitFileType = undefined; includeInIndex = 0; };
		2C0F9101A5874B1A9682DAD8 /* Colors.xcassets */ = {isa = PBXFileReference; name = "Colors.xcassets"; path = "skillovia/Colors.xcassets"; sourceTree = "<group>"; fileEncoding = undefined; lastKnownFileType = folder.assetcatalog; explicitFileType = undefined; includeInIndex = 0; };
/* End PBXFileReference section */

/* Begin PBXFrameworksBuildPhase section */
		00E356EB1AD99517003FC87E /* Frameworks */ = {
			isa = PBXFrameworksBuildPhase;
			buildActionMask = 2147483647;
			files = (
				7699B88040F8A987B510C191 /* libPods-skillovia-skilloviaTests.a in Frameworks */,
			);
			runOnlyForDeploymentPostprocessing = 0;
		};
		13B07F8C1A680F5B00A75B9A /* Frameworks */ = {
			isa = PBXFrameworksBuildPhase;
			buildActionMask = 2147483647;
			files = (
				0C80B921A6F3F58F76C31292 /* libPods-skillovia.a in Frameworks */,
			);
			runOnlyForDeploymentPostprocessing = 0;
		};
/* End PBXFrameworksBuildPhase section */

/* Begin PBXGroup section */
		00E356EF1AD99517003FC87E /* skilloviaTests */ = {
			isa = PBXGroup;
			children = (
				00E356F21AD99517003FC87E /* skilloviaTests.m */,
				00E356F01AD99517003FC87E /* Supporting Files */,
			);
			path = skilloviaTests;
			sourceTree = "<group>";
		};
		00E356F01AD99517003FC87E /* Supporting Files */ = {
			isa = PBXGroup;
			children = (
				00E356F11AD99517003FC87E /* Info.plist */,
			);
			name = "Supporting Files";
			sourceTree = "<group>";
		};
		13B07FAE1A68108700A75B9A /* skillovia */ = {
			isa = PBXGroup;
			children = (
				13B07FAF1A68108700A75B9A /* AppDelegate.h */,
				13B07FB01A68108700A75B9A /* AppDelegate.mm */,
				13B07FB51A68108700A75B9A /* Images.xcassets */,
				13B07FB61A68108700A75B9A /* Info.plist */,
				81AB9BB72411601600AC10FF /* LaunchScreen.storyboard */,
				13B07FB71A68108700A75B9A /* main.m */,
				13B07FB81A68108700A75B9A /* PrivacyInfo.xcprivacy */,
				03DEF6E3A03B4BF49B2C02EE /* BootSplash.storyboard */,
				2C0F9101A5874B1A9682DAD8 /* Colors.xcassets */,
			);
			name = skillovia;
			sourceTree = "<group>";
		};
		2D16E6871FA4F8E400B85C8A /* Frameworks */ = {
			isa = PBXGroup;
			children = (
				ED297162215061F000B7C4FE /* JavaScriptCore.framework */,
				5DCACB8F33CDC322A6C60F78 /* libPods-skillovia.a */,
				19F6CBCC0A4E27FBF8BF4A61 /* libPods-skillovia-skilloviaTests.a */,
			);
			name = Frameworks;
			sourceTree = "<group>";
		};
		832341AE1AAA6A7D00B99B32 /* Libraries */ = {
			isa = PBXGroup;
			children = (
			);
			name = Libraries;
			sourceTree = "<group>";
		};
		83CBB9F61A601CBA00E9B192 = {
			isa = PBXGroup;
			children = (
				13B07FAE1A68108700A75B9A /* skillovia */,
				832341AE1AAA6A7D00B99B32 /* Libraries */,
				00E356EF1AD99517003FC87E /* skilloviaTests */,
				83CBBA001A601CBA00E9B192 /* Products */,
				2D16E6871FA4F8E400B85C8A /* Frameworks */,
				BBD78D7AC51CEA395F1C20DB /* Pods */,
				BF70C12011AB4CA2AC42F888 /* Resources */,
			);
			indentWidth = 2;
			sourceTree = "<group>";
			tabWidth = 2;
			usesTabs = 0;
		};
		83CBBA001A601CBA00E9B192 /* Products */ = {
			isa = PBXGroup;
			children = (
				13B07F961A680F5B00A75B9A /* skillovia.app */,
				00E356EE1AD99517003FC87E /* skilloviaTests.xctest */,
			);
			name = Products;
			sourceTree = "<group>";
		};
		BBD78D7AC51CEA395F1C20DB /* Pods */ = {
			isa = PBXGroup;
			children = (
				3B4392A12AC88292D35C810B /* Pods-skillovia.debug.xcconfig */,
				5709B34CF0A7D63546082F79 /* Pods-skillovia.release.xcconfig */,
				5B7EB9410499542E8C5724F5 /* Pods-skillovia-skilloviaTests.debug.xcconfig */,
				89C6BE57DB24E9ADA2F236DE /* Pods-skillovia-skilloviaTests.release.xcconfig */,
			);
			path = Pods;
			sourceTree = "<group>";
		};
		BF70C12011AB4CA2AC42F888 /* Resources */ = {
			isa = "PBXGroup";
			children = (
				751BB402DA6D48B69DEF0F24 /* AlbertSans-Black.ttf */,
				E84D44B2B42D464099631506 /* AlbertSans-BlackItalic.ttf */,
				594A76A64E7545EDABC897D0 /* AlbertSans-Bold.ttf */,
				9B9E2750E5D44A64BF22D548 /* AlbertSans-BoldItalic.ttf */,
				FCADC0FD4C25441BB52BF85F /* AlbertSans-ExtraBold.ttf */,
				5D1FD861E9BD44A3B35E1BAA /* AlbertSans-ExtraBoldItalic.ttf */,
				EACC051705F24E5992374041 /* AlbertSans-ExtraLight.ttf */,
				ABAEFC6797564BDB9D018E3B /* AlbertSans-ExtraLightItalic.ttf */,
				6EAD8E4E87C74D87B579EC00 /* AlbertSans-Italic.ttf */,
				871C49A2D2F446B089957766 /* AlbertSans-Light.ttf */,
				7DA6985D4ACD4F54B8390EA3 /* AlbertSans-LightItalic.ttf */,
				48F9DF89C18E47B488F21F81 /* AlbertSans-Medium.ttf */,
				98BC825508E24583AF5F61CE /* AlbertSans-MediumItalic.ttf */,
				30A7FF65A3BE460B8A3B0375 /* AlbertSans-Regular.ttf */,
				0A95CE8ED4454A47B6FF5B35 /* AlbertSans-SemiBold.ttf */,
				68C2959ACBCA432CBBA2582E /* AlbertSans-SemiBoldItalic.ttf */,
				28E1907517A145F2B8E844DB /* AlbertSans-Thin.ttf */,
				E6E17FFBF6DC459C9958CDBF /* AlbertSans-ThinItalic.ttf */,
			);
			name = Resources;
			sourceTree = "<group>";
			path = "";
		};
/* End PBXGroup section */

/* Begin PBXNativeTarget section */
		00E356ED1AD99517003FC87E /* skilloviaTests */ = {
			isa = PBXNativeTarget;
			buildConfigurationList = 00E357021AD99517003FC87E /* Build configuration list for PBXNativeTarget "skilloviaTests" */;
			buildPhases = (
				A55EABD7B0C7F3A422A6CC61 /* [CP] Check Pods Manifest.lock */,
				00E356EA1AD99517003FC87E /* Sources */,
				00E356EB1AD99517003FC87E /* Frameworks */,
				00E356EC1AD99517003FC87E /* Resources */,
				C59DA0FBD6956966B86A3779 /* [CP] Embed Pods Frameworks */,
				F6A41C54EA430FDDC6A6ED99 /* [CP] Copy Pods Resources */,
			);
			buildRules = (
			);
			dependencies = (
				00E356F51AD99517003FC87E /* PBXTargetDependency */,
			);
			name = skilloviaTests;
			productName = skilloviaTests;
			productReference = 00E356EE1AD99517003FC87E /* skilloviaTests.xctest */;
			productType = "com.apple.product-type.bundle.unit-test";
		};
		13B07F861A680F5B00A75B9A /* skillovia */ = {
			isa = PBXNativeTarget;
			buildConfigurationList = 13B07F931A680F5B00A75B9A /* Build configuration list for PBXNativeTarget "skillovia" */;
			buildPhases = (
				C38B50BA6285516D6DCD4F65 /* [CP] Check Pods Manifest.lock */,
				13B07F871A680F5B00A75B9A /* Sources */,
				13B07F8C1A680F5B00A75B9A /* Frameworks */,
				13B07F8E1A680F5B00A75B9A /* Resources */,
				00DD1BFF1BD5951E006B06BC /* Bundle React Native code and images */,
				00EEFC60759A1932668264C0 /* [CP] Embed Pods Frameworks */,
				E235C05ADACE081382539298 /* [CP] Copy Pods Resources */,
			);
			buildRules = (
			);
			dependencies = (
			);
			name = skillovia;
			productName = skillovia;
			productReference = 13B07F961A680F5B00A75B9A /* skillovia.app */;
			productType = "com.apple.product-type.application";
		};
/* End PBXNativeTarget section */

/* Begin PBXProject section */
		83CBB9F71A601CBA00E9B192 /* Project object */ = {
			isa = PBXProject;
			attributes = {
				LastUpgradeCheck = 1210;
				TargetAttributes = {
					00E356ED1AD99517003FC87E = {
						CreatedOnToolsVersion = 6.2;
						TestTargetID = 13B07F861A680F5B00A75B9A;
					};
					13B07F861A680F5B00A75B9A = {
						LastSwiftMigration = 1120;
					};
				};
			};
			buildConfigurationList = 83CBB9FA1A601CBA00E9B192 /* Build configuration list for PBXProject "skillovia" */;
			compatibilityVersion = "Xcode 12.0";
			developmentRegion = en;
			hasScannedForEncodings = 0;
			knownRegions = (
				en,
				Base,
			);
			mainGroup = 83CBB9F61A601CBA00E9B192;
			productRefGroup = 83CBBA001A601CBA00E9B192 /* Products */;
			projectDirPath = "";
			projectRoot = "";
			targets = (
				13B07F861A680F5B00A75B9A /* skillovia */,
				00E356ED1AD99517003FC87E /* skilloviaTests */,
			);
		};
/* End PBXProject section */

/* Begin PBXResourcesBuildPhase section */
		00E356EC1AD99517003FC87E /* Resources */ = {
			isa = PBXResourcesBuildPhase;
			buildActionMask = 2147483647;
			files = (
			);
			runOnlyForDeploymentPostprocessing = 0;
		};
		13B07F8E1A680F5B00A75B9A /* Resources */ = {
			isa = PBXResourcesBuildPhase;
			buildActionMask = 2147483647;
			files = (
				81AB9BB82411601600AC10FF /* LaunchScreen.storyboard in Resources */,
				13B07FBF1A68108700A75B9A /* Images.xcassets in Resources */,
				5E3895C2F900494D9CB063F9 /* AlbertSans-Black.ttf in Resources */,
				04636B9BE3D348518D950221 /* AlbertSans-BlackItalic.ttf in Resources */,
				BA0F05109C9D43A39C017050 /* AlbertSans-Bold.ttf in Resources */,
				9AFFC591A3574DEA888B5C38 /* AlbertSans-BoldItalic.ttf in Resources */,
				C6EDE48FDB2543CBA5C47C95 /* AlbertSans-ExtraBold.ttf in Resources */,
				1E21895D4BC34A4190C8310B /* AlbertSans-ExtraBoldItalic.ttf in Resources */,
				A2C404C80F94437FAF83F135 /* AlbertSans-ExtraLight.ttf in Resources */,
				16DCBED2E145411485C483BB /* AlbertSans-ExtraLightItalic.ttf in Resources */,
				D743B83EFD2E402D9B2C3814 /* AlbertSans-Italic.ttf in Resources */,
				04A67024CB404EA3AF55F9F3 /* AlbertSans-Light.ttf in Resources */,
				B6DCE6AFF7544E7D83C01B7C /* AlbertSans-LightItalic.ttf in Resources */,
				DCA8F0A08E6E47158837FE25 /* AlbertSans-Medium.ttf in Resources */,
				EA4BC7C016644072A005F467 /* AlbertSans-MediumItalic.ttf in Resources */,
				F1FA324F6BDA4BD9B2D76B7E /* AlbertSans-Regular.ttf in Resources */,
				02B8814D93F844C09B7C4AAA /* AlbertSans-SemiBold.ttf in Resources */,
				A5B40E5861A04F3BB14F95DD /* AlbertSans-SemiBoldItalic.ttf in Resources */,
				310FD6CC97A943C0B922879E /* AlbertSans-Thin.ttf in Resources */,
				5D0F1BF9F4E64043A2DDD79C /* AlbertSans-ThinItalic.ttf in Resources */,
				83B2AB88B04C43B8BE2514EA /* BootSplash.storyboard in Resources */,
				3738F03E1C974D1A92AD9324 /* Colors.xcassets in Resources */,
			);
			runOnlyForDeploymentPostprocessing = 0;
		};
/* End PBXResourcesBuildPhase section */

/* Begin PBXShellScriptBuildPhase section */
		00DD1BFF1BD5951E006B06BC /* Bundle React Native code and images */ = {
			isa = PBXShellScriptBuildPhase;
			buildActionMask = 2147483647;
			files = (
			);
			inputPaths = (
				"$(SRCROOT)/.xcode.env.local",
				"$(SRCROOT)/.xcode.env",
			);
			name = "Bundle React Native code and images";
			outputPaths = (
			);
			runOnlyForDeploymentPostprocessing = 0;
			shellPath = /bin/sh;
			shellScript = "set -e\n\nWITH_ENVIRONMENT=\"$REACT_NATIVE_PATH/scripts/xcode/with-environment.sh\"\nREACT_NATIVE_XCODE=\"$REACT_NATIVE_PATH/scripts/react-native-xcode.sh\"\n\n/bin/sh -c \"$WITH_ENVIRONMENT $REACT_NATIVE_XCODE\"\n";
		};
		00EEFC60759A1932668264C0 /* [CP] Embed Pods Frameworks */ = {
			isa = PBXShellScriptBuildPhase;
			buildActionMask = 2147483647;
			files = (
			);
			inputFileListPaths = (
				"${PODS_ROOT}/Target Support Files/Pods-skillovia/Pods-skillovia-frameworks-${CONFIGURATION}-input-files.xcfilelist",
			);
			name = "[CP] Embed Pods Frameworks";
			outputFileListPaths = (
				"${PODS_ROOT}/Target Support Files/Pods-skillovia/Pods-skillovia-frameworks-${CONFIGURATION}-output-files.xcfilelist",
			);
			runOnlyForDeploymentPostprocessing = 0;
			shellPath = /bin/sh;
			shellScript = "\"${PODS_ROOT}/Target Support Files/Pods-skillovia/Pods-skillovia-frameworks.sh\"\n";
			showEnvVarsInLog = 0;
		};
		A55EABD7B0C7F3A422A6CC61 /* [CP] Check Pods Manifest.lock */ = {
			isa = PBXShellScriptBuildPhase;
			buildActionMask = 2147483647;
			files = (
			);
			inputFileListPaths = (
			);
			inputPaths = (
				"${PODS_PODFILE_DIR_PATH}/Podfile.lock",
				"${PODS_ROOT}/Manifest.lock",
			);
			name = "[CP] Check Pods Manifest.lock";
			outputFileListPaths = (
			);
			outputPaths = (
				"$(DERIVED_FILE_DIR)/Pods-skillovia-skilloviaTests-checkManifestLockResult.txt",
			);
			runOnlyForDeploymentPostprocessing = 0;
			shellPath = /bin/sh;
			shellScript = "diff \"${PODS_PODFILE_DIR_PATH}/Podfile.lock\" \"${PODS_ROOT}/Manifest.lock\" > /dev/null\nif [ $? != 0 ] ; then\n    # print error to STDERR\n    echo \"error: The sandbox is not in sync with the Podfile.lock. Run 'pod install' or update your CocoaPods installation.\" >&2\n    exit 1\nfi\n# This output is used by Xcode 'outputs' to avoid re-running this script phase.\necho \"SUCCESS\" > \"${SCRIPT_OUTPUT_FILE_0}\"\n";
			showEnvVarsInLog = 0;
		};
		C38B50BA6285516D6DCD4F65 /* [CP] Check Pods Manifest.lock */ = {
			isa = PBXShellScriptBuildPhase;
			buildActionMask = 2147483647;
			files = (
			);
			inputFileListPaths = (
			);
			inputPaths = (
				"${PODS_PODFILE_DIR_PATH}/Podfile.lock",
				"${PODS_ROOT}/Manifest.lock",
			);
			name = "[CP] Check Pods Manifest.lock";
			outputFileListPaths = (
			);
			outputPaths = (
				"$(DERIVED_FILE_DIR)/Pods-skillovia-checkManifestLockResult.txt",
			);
			runOnlyForDeploymentPostprocessing = 0;
			shellPath = /bin/sh;
			shellScript = "diff \"${PODS_PODFILE_DIR_PATH}/Podfile.lock\" \"${PODS_ROOT}/Manifest.lock\" > /dev/null\nif [ $? != 0 ] ; then\n    # print error to STDERR\n    echo \"error: The sandbox is not in sync with the Podfile.lock. Run 'pod install' or update your CocoaPods installation.\" >&2\n    exit 1\nfi\n# This output is used by Xcode 'outputs' to avoid re-running this script phase.\necho \"SUCCESS\" > \"${SCRIPT_OUTPUT_FILE_0}\"\n";
			showEnvVarsInLog = 0;
		};
		C59DA0FBD6956966B86A3779 /* [CP] Embed Pods Frameworks */ = {
			isa = PBXShellScriptBuildPhase;
			buildActionMask = 2147483647;
			files = (
			);
			inputFileListPaths = (
				"${PODS_ROOT}/Target Support Files/Pods-skillovia-skilloviaTests/Pods-skillovia-skilloviaTests-frameworks-${CONFIGURATION}-input-files.xcfilelist",
			);
			name = "[CP] Embed Pods Frameworks";
			outputFileListPaths = (
				"${PODS_ROOT}/Target Support Files/Pods-skillovia-skilloviaTests/Pods-skillovia-skilloviaTests-frameworks-${CONFIGURATION}-output-files.xcfilelist",
			);
			runOnlyForDeploymentPostprocessing = 0;
			shellPath = /bin/sh;
			shellScript = "\"${PODS_ROOT}/Target Support Files/Pods-skillovia-skilloviaTests/Pods-skillovia-skilloviaTests-frameworks.sh\"\n";
			showEnvVarsInLog = 0;
		};
		E235C05ADACE081382539298 /* [CP] Copy Pods Resources */ = {
			isa = PBXShellScriptBuildPhase;
			buildActionMask = 2147483647;
			files = (
			);
			inputFileListPaths = (
				"${PODS_ROOT}/Target Support Files/Pods-skillovia/Pods-skillovia-resources-${CONFIGURATION}-input-files.xcfilelist",
			);
			name = "[CP] Copy Pods Resources";
			outputFileListPaths = (
				"${PODS_ROOT}/Target Support Files/Pods-skillovia/Pods-skillovia-resources-${CONFIGURATION}-output-files.xcfilelist",
			);
			runOnlyForDeploymentPostprocessing = 0;
			shellPath = /bin/sh;
			shellScript = "\"${PODS_ROOT}/Target Support Files/Pods-skillovia/Pods-skillovia-resources.sh\"\n";
			showEnvVarsInLog = 0;
		};
		F6A41C54EA430FDDC6A6ED99 /* [CP] Copy Pods Resources */ = {
			isa = PBXShellScriptBuildPhase;
			buildActionMask = 2147483647;
			files = (
			);
			inputFileListPaths = (
				"${PODS_ROOT}/Target Support Files/Pods-skillovia-skilloviaTests/Pods-skillovia-skilloviaTests-resources-${CONFIGURATION}-input-files.xcfilelist",
			);
			name = "[CP] Copy Pods Resources";
			outputFileListPaths = (
				"${PODS_ROOT}/Target Support Files/Pods-skillovia-skilloviaTests/Pods-skillovia-skilloviaTests-resources-${CONFIGURATION}-output-files.xcfilelist",
			);
			runOnlyForDeploymentPostprocessing = 0;
			shellPath = /bin/sh;
			shellScript = "\"${PODS_ROOT}/Target Support Files/Pods-skillovia-skilloviaTests/Pods-skillovia-skilloviaTests-resources.sh\"\n";
			showEnvVarsInLog = 0;
		};
/* End PBXShellScriptBuildPhase section */

/* Begin PBXSourcesBuildPhase section */
		00E356EA1AD99517003FC87E /* Sources */ = {
			isa = PBXSourcesBuildPhase;
			buildActionMask = 2147483647;
			files = (
				00E356F31AD99517003FC87E /* skilloviaTests.m in Sources */,
			);
			runOnlyForDeploymentPostprocessing = 0;
		};
		13B07F871A680F5B00A75B9A /* Sources */ = {
			isa = PBXSourcesBuildPhase;
			buildActionMask = 2147483647;
			files = (
				13B07FBC1A68108700A75B9A /* AppDelegate.mm in Sources */,
				13B07FC11A68108700A75B9A /* main.m in Sources */,
			);
			runOnlyForDeploymentPostprocessing = 0;
		};
/* End PBXSourcesBuildPhase section */

/* Begin PBXTargetDependency section */
		00E356F51AD99517003FC87E /* PBXTargetDependency */ = {
			isa = PBXTargetDependency;
			target = 13B07F861A680F5B00A75B9A /* skillovia */;
			targetProxy = 00E356F41AD99517003FC87E /* PBXContainerItemProxy */;
		};
/* End PBXTargetDependency section */

/* Begin XCBuildConfiguration section */
		00E356F61AD99517003FC87E /* Debug */ = {
			isa = XCBuildConfiguration;
			baseConfigurationReference = 5B7EB9410499542E8C5724F5 /* Pods-skillovia-skilloviaTests.debug.xcconfig */;
			buildSettings = {
				BUNDLE_LOADER = "$(TEST_HOST)";
				GCC_PREPROCESSOR_DEFINITIONS = (
					"DEBUG=1",
					"$(inherited)",
				);
				INFOPLIST_FILE = skilloviaTests/Info.plist;
				IPHONEOS_DEPLOYMENT_TARGET = 15.1;
				LD_RUNPATH_SEARCH_PATHS = (
					"$(inherited)",
					"@executable_path/Frameworks",
					"@loader_path/Frameworks",
				);
				OTHER_LDFLAGS = (
					"-ObjC",
					"-lc++",
					"$(inherited)",
				);
				PRODUCT_BUNDLE_IDENTIFIER = "org.reactjs.native.example.$(PRODUCT_NAME:rfc1034identifier)";
				PRODUCT_NAME = "$(TARGET_NAME)";
				TEST_HOST = "$(BUILT_PRODUCTS_DIR)/skillovia.app/skillovia";
			};
			name = Debug;
		};
		00E356F71AD99517003FC87E /* Release */ = {
			isa = XCBuildConfiguration;
			baseConfigurationReference = 89C6BE57DB24E9ADA2F236DE /* Pods-skillovia-skilloviaTests.release.xcconfig */;
			buildSettings = {
				BUNDLE_LOADER = "$(TEST_HOST)";
				COPY_PHASE_STRIP = NO;
				INFOPLIST_FILE = skilloviaTests/Info.plist;
				IPHONEOS_DEPLOYMENT_TARGET = 15.1;
				LD_RUNPATH_SEARCH_PATHS = (
					"$(inherited)",
					"@executable_path/Frameworks",
					"@loader_path/Frameworks",
				);
				OTHER_LDFLAGS = (
					"-ObjC",
					"-lc++",
					"$(inherited)",
				);
				PRODUCT_BUNDLE_IDENTIFIER = "org.reactjs.native.example.$(PRODUCT_NAME:rfc1034identifier)";
				PRODUCT_NAME = "$(TARGET_NAME)";
				TEST_HOST = "$(BUILT_PRODUCTS_DIR)/skillovia.app/skillovia";
			};
			name = Release;
		};
		13B07F941A680F5B00A75B9A /* Debug */ = {
			isa = XCBuildConfiguration;
			baseConfigurationReference = 3B4392A12AC88292D35C810B /* Pods-skillovia.debug.xcconfig */;
			buildSettings = {
				ASSETCATALOG_COMPILER_APPICON_NAME = AppIcon;
				CLANG_ENABLE_MODULES = YES;
				CURRENT_PROJECT_VERSION = 1;
				ENABLE_BITCODE = NO;
				INFOPLIST_FILE = skillovia/Info.plist;
				IPHONEOS_DEPLOYMENT_TARGET = 15.1;
				LD_RUNPATH_SEARCH_PATHS = (
					"$(inherited)",
					"@executable_path/Frameworks",
				);
				MARKETING_VERSION = 1.0;
				OTHER_LDFLAGS = (
					"$(inherited)",
					"-ObjC",
					"-lc++",
				);
				PRODUCT_BUNDLE_IDENTIFIER = "org.reactjs.native.example.$(PRODUCT_NAME:rfc1034identifier)";
				PRODUCT_NAME = skillovia;
				SWIFT_OPTIMIZATION_LEVEL = "-Onone";
				SWIFT_VERSION = 5.0;
				VERSIONING_SYSTEM = "apple-generic";
			};
			name = Debug;
		};
		13B07F951A680F5B00A75B9A /* Release */ = {
			isa = XCBuildConfiguration;
			baseConfigurationReference = 5709B34CF0A7D63546082F79 /* Pods-skillovia.release.xcconfig */;
			buildSettings = {
				ASSETCATALOG_COMPILER_APPICON_NAME = AppIcon;
				CLANG_ENABLE_MODULES = YES;
				CURRENT_PROJECT_VERSION = 1;
				INFOPLIST_FILE = skillovia/Info.plist;
				IPHONEOS_DEPLOYMENT_TARGET = 15.1;
				LD_RUNPATH_SEARCH_PATHS = (
					"$(inherited)",
					"@executable_path/Frameworks",
				);
				MARKETING_VERSION = 1.0;
				OTHER_LDFLAGS = (
					"$(inherited)",
					"-ObjC",
					"-lc++",
				);
				PRODUCT_BUNDLE_IDENTIFIER = "org.reactjs.native.example.$(PRODUCT_NAME:rfc1034identifier)";
				PRODUCT_NAME = skillovia;
				SWIFT_VERSION = 5.0;
				VERSIONING_SYSTEM = "apple-generic";
			};
			name = Release;
		};
		83CBBA201A601CBA00E9B192 /* Debug */ = {
			isa = XCBuildConfiguration;
			buildSettings = {
				ALWAYS_SEARCH_USER_PATHS = NO;
				CLANG_ANALYZER_LOCALIZABILITY_NONLOCALIZED = YES;
				CLANG_CXX_LANGUAGE_STANDARD = "c++20";
				CLANG_CXX_LIBRARY = "libc++";
				CLANG_ENABLE_MODULES = YES;
				CLANG_ENABLE_OBJC_ARC = YES;
				CLANG_WARN_BLOCK_CAPTURE_AUTORELEASING = YES;
				CLANG_WARN_BOOL_CONVERSION = YES;
				CLANG_WARN_COMMA = YES;
				CLANG_WARN_CONSTANT_CONVERSION = YES;
				CLANG_WARN_DEPRECATED_OBJC_IMPLEMENTATIONS = YES;
				CLANG_WARN_DIRECT_OBJC_ISA_USAGE = YES_ERROR;
				CLANG_WARN_EMPTY_BODY = YES;
				CLANG_WARN_ENUM_CONVERSION = YES;
				CLANG_WARN_INFINITE_RECURSION = YES;
				CLANG_WARN_INT_CONVERSION = YES;
				CLANG_WARN_NON_LITERAL_NULL_CONVERSION = YES;
				CLANG_WARN_OBJC_IMPLICIT_RETAIN_SELF = YES;
				CLANG_WARN_OBJC_LITERAL_CONVERSION = YES;
				CLANG_WARN_OBJC_ROOT_CLASS = YES_ERROR;
				CLANG_WARN_QUOTED_INCLUDE_IN_FRAMEWORK_HEADER = YES;
				CLANG_WARN_RANGE_LOOP_ANALYSIS = YES;
				CLANG_WARN_STRICT_PROTOTYPES = YES;
				CLANG_WARN_SUSPICIOUS_MOVE = YES;
				CLANG_WARN_UNREACHABLE_CODE = YES;
				CLANG_WARN__DUPLICATE_METHOD_MATCH = YES;
				"CODE_SIGN_IDENTITY[sdk=iphoneos*]" = "iPhone Developer";
				COPY_PHASE_STRIP = NO;
				ENABLE_STRICT_OBJC_MSGSEND = YES;
				ENABLE_TESTABILITY = YES;
				"EXCLUDED_ARCHS[sdk=iphonesimulator*]" = "";
				GCC_C_LANGUAGE_STANDARD = gnu99;
				GCC_DYNAMIC_NO_PIC = NO;
				GCC_NO_COMMON_BLOCKS = YES;
				GCC_OPTIMIZATION_LEVEL = 0;
				GCC_PREPROCESSOR_DEFINITIONS = (
					"DEBUG=1",
					"$(inherited)",
				);
				GCC_SYMBOLS_PRIVATE_EXTERN = NO;
				GCC_WARN_64_TO_32_BIT_CONVERSION = YES;
				GCC_WARN_ABOUT_RETURN_TYPE = YES_ERROR;
				GCC_WARN_UNDECLARED_SELECTOR = YES;
				GCC_WARN_UNINITIALIZED_AUTOS = YES_AGGRESSIVE;
				GCC_WARN_UNUSED_FUNCTION = YES;
				GCC_WARN_UNUSED_VARIABLE = YES;
				IPHONEOS_DEPLOYMENT_TARGET = 15.1;
				LD_RUNPATH_SEARCH_PATHS = (
					/usr/lib/swift,
					"$(inherited)",
				);
				LIBRARY_SEARCH_PATHS = (
					"\"$(SDKROOT)/usr/lib/swift\"",
					"\"$(TOOLCHAIN_DIR)/usr/lib/swift/$(PLATFORM_NAME)\"",
					"\"$(inherited)\"",
				);
				MTL_ENABLE_DEBUG_INFO = YES;
				ONLY_ACTIVE_ARCH = YES;
				OTHER_CPLUSPLUSFLAGS = (
					"$(OTHER_CFLAGS)",
					"-DFOLLY_NO_CONFIG",
					"-DFOLLY_MOBILE=1",
					"-DFOLLY_USE_LIBCPP=1",
					"-DFOLLY_CFG_NO_COROUTINES=1",
					"-DFOLLY_HAVE_CLOCK_GETTIME=1",
				);
				SDKROOT = iphoneos;
			};
			name = Debug;
		};
		83CBBA211A601CBA00E9B192 /* Release */ = {
			isa = XCBuildConfiguration;
			buildSettings = {
				ALWAYS_SEARCH_USER_PATHS = NO;
				CLANG_ANALYZER_LOCALIZABILITY_NONLOCALIZED = YES;
				CLANG_CXX_LANGUAGE_STANDARD = "c++20";
				CLANG_CXX_LIBRARY = "libc++";
				CLANG_ENABLE_MODULES = YES;
				CLANG_ENABLE_OBJC_ARC = YES;
				CLANG_WARN_BLOCK_CAPTURE_AUTORELEASING = YES;
				CLANG_WARN_BOOL_CONVERSION = YES;
				CLANG_WARN_COMMA = YES;
				CLANG_WARN_CONSTANT_CONVERSION = YES;
				CLANG_WARN_DEPRECATED_OBJC_IMPLEMENTATIONS = YES;
				CLANG_WARN_DIRECT_OBJC_ISA_USAGE = YES_ERROR;
				CLANG_WARN_EMPTY_BODY = YES;
				CLANG_WARN_ENUM_CONVERSION = YES;
				CLANG_WARN_INFINITE_RECURSION = YES;
				CLANG_WARN_INT_CONVERSION = YES;
				CLANG_WARN_NON_LITERAL_NULL_CONVERSION = YES;
				CLANG_WARN_OBJC_IMPLICIT_RETAIN_SELF = YES;
				CLANG_WARN_OBJC_LITERAL_CONVERSION = YES;
				CLANG_WARN_OBJC_ROOT_CLASS = YES_ERROR;
				CLANG_WARN_QUOTED_INCLUDE_IN_FRAMEWORK_HEADER = YES;
				CLANG_WARN_RANGE_LOOP_ANALYSIS = YES;
				CLANG_WARN_STRICT_PROTOTYPES = YES;
				CLANG_WARN_SUSPICIOUS_MOVE = YES;
				CLANG_WARN_UNREACHABLE_CODE = YES;
				CLANG_WARN__DUPLICATE_METHOD_MATCH = YES;
				"CODE_SIGN_IDENTITY[sdk=iphoneos*]" = "iPhone Developer";
				COPY_PHASE_STRIP = YES;
				ENABLE_NS_ASSERTIONS = NO;
				ENABLE_STRICT_OBJC_MSGSEND = YES;
				"EXCLUDED_ARCHS[sdk=iphonesimulator*]" = "";
				GCC_C_LANGUAGE_STANDARD = gnu99;
				GCC_NO_COMMON_BLOCKS = YES;
				GCC_WARN_64_TO_32_BIT_CONVERSION = YES;
				GCC_WARN_ABOUT_RETURN_TYPE = YES_ERROR;
				GCC_WARN_UNDECLARED_SELECTOR = YES;
				GCC_WARN_UNINITIALIZED_AUTOS = YES_AGGRESSIVE;
				GCC_WARN_UNUSED_FUNCTION = YES;
				GCC_WARN_UNUSED_VARIABLE = YES;
				IPHONEOS_DEPLOYMENT_TARGET = 15.1;
				LD_RUNPATH_SEARCH_PATHS = (
					/usr/lib/swift,
					"$(inherited)",
				);
				LIBRARY_SEARCH_PATHS = (
					"\"$(SDKROOT)/usr/lib/swift\"",
					"\"$(TOOLCHAIN_DIR)/usr/lib/swift/$(PLATFORM_NAME)\"",
					"\"$(inherited)\"",
				);
				MTL_ENABLE_DEBUG_INFO = NO;
				OTHER_CPLUSPLUSFLAGS = (
					"$(OTHER_CFLAGS)",
					"-DFOLLY_NO_CONFIG",
					"-DFOLLY_MOBILE=1",
					"-DFOLLY_USE_LIBCPP=1",
					"-DFOLLY_CFG_NO_COROUTINES=1",
					"-DFOLLY_HAVE_CLOCK_GETTIME=1",
				);
				SDKROOT = iphoneos;
				VALIDATE_PRODUCT = YES;
			};
			name = Release;
		};
/* End XCBuildConfiguration section */

/* Begin XCConfigurationList section */
		00E357021AD99517003FC87E /* Build configuration list for PBXNativeTarget "skilloviaTests" */ = {
			isa = XCConfigurationList;
			buildConfigurations = (
				00E356F61AD99517003FC87E /* Debug */,
				00E356F71AD99517003FC87E /* Release */,
			);
			defaultConfigurationIsVisible = 0;
			defaultConfigurationName = Release;
		};
		13B07F931A680F5B00A75B9A /* Build configuration list for PBXNativeTarget "skillovia" */ = {
			isa = XCConfigurationList;
			buildConfigurations = (
				13B07F941A680F5B00A75B9A /* Debug */,
				13B07F951A680F5B00A75B9A /* Release */,
			);
			defaultConfigurationIsVisible = 0;
			defaultConfigurationName = Release;
		};
		83CBB9FA1A601CBA00E9B192 /* Build configuration list for PBXProject "skillovia" */ = {
			isa = XCConfigurationList;
			buildConfigurations = (
				83CBBA201A601CBA00E9B192 /* Debug */,
				83CBBA211A601CBA00E9B192 /* Release */,
			);
			defaultConfigurationIsVisible = 0;
			defaultConfigurationName = Release;
		};
/* End XCConfigurationList section */
	};
	rootObject = 83CBB9F71A601CBA00E9B192 /* Project object */;
}
